
Microsoft Visual Studio Solution File, Format Version 12.00
# Visual Studio Version 17
VisualStudioVersion = 17.0.31903.59
MinimumVisualStudioVersion = 10.0.40219.1
Project("{FAE04EC0-301F-11D3-BF4B-00C04F79EFBC}") = "Application", "Application\Application.csproj", "{3C259B44-AD6B-430C-A9EA-D25BFDA56592}"
EndProject
Project("{FAE04EC0-301F-11D3-BF4B-00C04F79EFBC}") = "Domain", "Domain\Domain.csproj", "{8953A3AE-2B29-4200-9699-9688238E40D5}"
EndProject
Project("{FAE04EC0-301F-11D3-BF4B-00C04F79EFBC}") = "HangfireJobs", "HangfireJobs\HangfireJobs.csproj", "{2C18E84E-A9F2-42F6-9BA6-211DC4E9F2A2}"
EndProject
Project("{FAE04EC0-301F-11D3-BF4B-00C04F79EFBC}") = "Infrastructure", "Infrastructure\Infrastructure.csproj", "{55081522-3416-4088-8811-906145880B1F}"
EndProject
Project("{FAE04EC0-301F-11D3-BF4B-00C04F79EFBC}") = "WebAPI", "WebAPI\WebAPI.csproj", "{981AEBA7-253D-4DB6-AA6D-119626487456}"
EndProject
Project("{FAE04EC0-301F-11D3-BF4B-00C04F79EFBC}") = "WorkerService", "WorkerService\WorkerService.csproj", "{5BC9AC51-E856-4325-BEFE-44FB9BE0092C}"
EndProject
Global
	GlobalSection(SolutionConfigurationPlatforms) = preSolution
		Debug|Any CPU = Debug|Any CPU
		Release|Any CPU = Release|Any CPU
	EndGlobalSection
	GlobalSection(SolutionProperties) = preSolution
		HideSolutionNode = FALSE
	EndGlobalSection
	GlobalSection(ProjectConfigurationPlatforms) = postSolution
		{3C259B44-AD6B-430C-A9EA-D25BFDA56592}.Debug|Any CPU.ActiveCfg = Debug|Any CPU
		{3C259B44-AD6B-430C-A9EA-D25BFDA56592}.Debug|Any CPU.Build.0 = Debug|Any CPU
		{3C259B44-AD6B-430C-A9EA-D25BFDA56592}.Release|Any CPU.ActiveCfg = Release|Any CPU
		{3C259B44-AD6B-430C-A9EA-D25BFDA56592}.Release|Any CPU.Build.0 = Release|Any CPU
		{8953A3AE-2B29-4200-9699-9688238E40D5}.Debug|Any CPU.ActiveCfg = Debug|Any CPU
		{8953A3AE-2B29-4200-9699-9688238E40D5}.Debug|Any CPU.Build.0 = Debug|Any CPU
		{8953A3AE-2B29-4200-9699-9688238E40D5}.Release|Any CPU.ActiveCfg = Release|Any CPU
		{8953A3AE-2B29-4200-9699-9688238E40D5}.Release|Any CPU.Build.0 = Release|Any CPU
		{2C18E84E-A9F2-42F6-9BA6-211DC4E9F2A2}.Debug|Any CPU.ActiveCfg = Debug|Any CPU
		{2C18E84E-A9F2-42F6-9BA6-211DC4E9F2A2}.Debug|Any CPU.Build.0 = Debug|Any CPU
		{2C18E84E-A9F2-42F6-9BA6-211DC4E9F2A2}.Release|Any CPU.ActiveCfg = Release|Any CPU
		{2C18E84E-A9F2-42F6-9BA6-211DC4E9F2A2}.Release|Any CPU.Build.0 = Release|Any CPU
		{55081522-3416-4088-8811-906145880B1F}.Debug|Any CPU.ActiveCfg = Debug|Any CPU
		{55081522-3416-4088-8811-906145880B1F}.Debug|Any CPU.Build.0 = Debug|Any CPU
		{55081522-3416-4088-8811-906145880B1F}.Release|Any CPU.ActiveCfg = Release|Any CPU
		{55081522-3416-4088-8811-906145880B1F}.Release|Any CPU.Build.0 = Release|Any CPU
		{981AEBA7-253D-4DB6-AA6D-119626487456}.Debug|Any CPU.ActiveCfg = Debug|Any CPU
		{981AEBA7-253D-4DB6-AA6D-119626487456}.Debug|Any CPU.Build.0 = Debug|Any CPU
		{981AEBA7-253D-4DB6-AA6D-119626487456}.Release|Any CPU.ActiveCfg = Release|Any CPU
		{981AEBA7-253D-4DB6-AA6D-119626487456}.Release|Any CPU.Build.0 = Release|Any CPU
		{5BC9AC51-E856-4325-BEFE-44FB9BE0092C}.Debug|Any CPU.ActiveCfg = Debug|Any CPU
		{5BC9AC51-E856-4325-BEFE-44FB9BE0092C}.Debug|Any CPU.Build.0 = Debug|Any CPU
		{5BC9AC51-E856-4325-BEFE-44FB9BE0092C}.Release|Any CPU.ActiveCfg = Release|Any CPU
		{5BC9AC51-E856-4325-BEFE-44FB9BE0092C}.Release|Any CPU.Build.0 = Release|Any CPU
	EndGlobalSection
EndGlobal
